<?xml version="1.0" encoding="utf-8"?>
<Project ToolsVersion="4.0" xmlns="http://schemas.microsoft.com/developer/msbuild/2003">
  <ItemGroup>
    <Filter Include="소스 파일">
      <UniqueIdentifier>{4FC737F1-C7A5-4376-A066-2A32D752A2FF}</UniqueIdentifier>
      <Extensions>cpp;c;cc;cxx;c++;cppm;ixx;def;odl;idl;hpj;bat;asm;asmx</Extensions>
    </Filter>
    <Filter Include="헤더 파일">
      <UniqueIdentifier>{93995380-89BD-4b04-88EB-625FBE52EBFB}</UniqueIdentifier>
      <Extensions>h;hh;hpp;hxx;h++;hm;inl;inc;ipp;xsd</Extensions>
    </Filter>
    <Filter Include="리소스 파일">
      <UniqueIdentifier>{67DA6AB6-F800-4c08-8B7A-83BB121AAD01}</UniqueIdentifier>
      <Extensions>rc;ico;cur;bmp;dlg;rc2;rct;bin;rgs;gif;jpg;jpeg;jpe;resx;tiff;tif;png;wav;mfcribbon-ms</Extensions>
    </Filter>
    <Filter Include="헤더 파일\Engine">
      <UniqueIdentifier>{19bb8bc7-ba08-4c7a-b078-7c897352026a}</UniqueIdentifier>
    </Filter>
    <Filter Include="헤더 파일\Game">
      <UniqueIdentifier>{8680ed81-155a-457f-b372-5bba6fa34aa9}</UniqueIdentifier>
    </Filter>
    <Filter Include="헤더 파일\Game\Object">
      <UniqueIdentifier>{4c02fcd1-2b69-4bc5-ba11-9fbd0cb603ab}</UniqueIdentifier>
    </Filter>
    <Filter Include="헤더 파일\Game\Stage">
      <UniqueIdentifier>{bce6bd42-25a1-4b35-bfd0-1572ca9ed142}</UniqueIdentifier>
    </Filter>
    <Filter Include="헤더 파일\Game\etc">
      <UniqueIdentifier>{533cfe56-7b3e-4bcb-a684-d672ebb7730b}</UniqueIdentifier>
    </Filter>
  </ItemGroup>
  <ItemGroup>
    <ClCompile Include="main.cpp">
      <Filter>소스 파일</Filter>
    </ClCompile>
    <ClCompile Include="Renderer.ixx">
      <Filter>헤더 파일\Engine</Filter>
    </ClCompile>
    <ClCompile Include="Utility.ixx">
      <Filter>헤더 파일\Engine</Filter>
    </ClCompile>
    <ClCompile Include="Renderer.cpp">
      <Filter>헤더 파일\Engine</Filter>
    </ClCompile>
    <ClCompile Include="FontSpace.ixx">
      <Filter>헤더 파일\Engine</Filter>
    </ClCompile>
    <ClCompile Include="Updater.ixx">
      <Filter>헤더 파일\Engine</Filter>
    </ClCompile>
    <ClCompile Include="Frame.ixx">
      <Filter>헤더 파일\Engine</Filter>
    </ClCompile>
    <ClCompile Include="EngineTest.ixx">
      <Filter>헤더 파일\Engine</Filter>
    </ClCompile>
    <ClCompile Include="Core.ixx">
      <Filter>헤더 파일\Engine</Filter>
    </ClCompile>
    <ClCompile Include="Core.cpp">
      <Filter>헤더 파일\Engine</Filter>
    </ClCompile>
    <ClCompile Include="Client.ixx">
      <Filter>헤더 파일\Game</Filter>
    </ClCompile>
    <ClCompile Include="InGame.cpp">
      <Filter>헤더 파일\Game</Filter>
    </ClCompile>
    <ClCompile Include="InGame.ixx">
      <Filter>헤더 파일\Game</Filter>
    </ClCompile>
    <ClCompile Include="Object.ixx">
      <Filter>헤더 파일\Game\Object</Filter>
    </ClCompile>
    <ClCompile Include="Block.cpp">
      <Filter>헤더 파일\Game\Object</Filter>
    </ClCompile>
    <ClCompile Include="Stage.ixx">
      <Filter>헤더 파일\Game\Stage</Filter>
    </ClCompile>
    <ClCompile Include="Map.ixx">
      <Filter>헤더 파일\Game\Stage</Filter>
    </ClCompile>
    <ClCompile Include="PublicEnum.ixx">
      <Filter>헤더 파일\Game\etc</Filter>
    </ClCompile>
  </ItemGroup>
</Project>